// !$*UTF8*$!
{
	archiveVersion = 1;
	classes = {
	};
	objectVersion = 46;
	objects = {

/* Begin PBXBuildFile section */
		4D0C64321A1D258000AE8E23 /* Officer.png in Resources */ = {isa = PBXBuildFile; fileRef = 4D0C64311A1D258000AE8E23 /* Officer.png */; };
		4D0C64351A1D2B3E00AE8E23 /* Officer 2.png in Resources */ = {isa = PBXBuildFile; fileRef = 4D0C64341A1D2B3E00AE8E23 /* Officer 2.png */; };
		4D1F9DCF1A013BAD00298F20 /* RegistrantsTableViewCell.m in Sources */ = {isa = PBXBuildFile; fileRef = 4D1F9DCE1A013BAD00298F20 /* RegistrantsTableViewCell.m */; };
		4D2D1EB31A03EC7500F9BE28 /* DetailCellViewController.m in Sources */ = {isa = PBXBuildFile; fileRef = 4D2D1EB21A03EC7500F9BE28 /* DetailCellViewController.m */; };
		4D2E75B71A27B2C100A027D2 /* Committee.m in Sources */ = {isa = PBXBuildFile; fileRef = 4D2E75B61A27B2C100A027D2 /* Committee.m */; };
		4D352F9F1A1A5E4100CD5203 /* QREntriesCommitteeTableViewController.m in Sources */ = {isa = PBXBuildFile; fileRef = 4D352F9E1A1A5E4100CD5203 /* QREntriesCommitteeTableViewController.m */; };
		4D352FA21A1A613900CD5203 /* AddCommitteeViewController.m in Sources */ = {isa = PBXBuildFile; fileRef = 4D352FA11A1A613900CD5203 /* AddCommitteeViewController.m */; };
		4D3654301A0D2EEA001ED6B6 /* QROfficersEntriresTableViewController.m in Sources */ = {isa = PBXBuildFile; fileRef = 4D36542F1A0D2EEA001ED6B6 /* QROfficersEntriresTableViewController.m */; };
		4D3654331A0D2F4C001ED6B6 /* OfficersTableViewCell.m in Sources */ = {isa = PBXBuildFile; fileRef = 4D3654321A0D2F4C001ED6B6 /* OfficersTableViewCell.m */; };
		4D3654361A0D356A001ED6B6 /* DetailViewController.m in Sources */ = {isa = PBXBuildFile; fileRef = 4D3654351A0D356A001ED6B6 /* DetailViewController.m */; };
		4D3654391A0D4DE6001ED6B6 /* AddViewController.m in Sources */ = {isa = PBXBuildFile; fileRef = 4D3654381A0D4DE6001ED6B6 /* AddViewController.m */; };
		4D45E45219F8370A004DAB2D /* main.m in Sources */ = {isa = PBXBuildFile; fileRef = 4D45E45119F8370A004DAB2D /* main.m */; };
		4D45E45519F8370A004DAB2D /* AppDelegate.m in Sources */ = {isa = PBXBuildFile; fileRef = 4D45E45419F8370A004DAB2D /* AppDelegate.m */; };
		4D45E45819F8370A004DAB2D /* SkillsUSA.xcdatamodeld in Sources */ = {isa = PBXBuildFile; fileRef = 4D45E45619F8370A004DAB2D /* SkillsUSA.xcdatamodeld */; };
		4D45E46019F8370A004DAB2D /* Images.xcassets in Resources */ = {isa = PBXBuildFile; fileRef = 4D45E45F19F8370A004DAB2D /* Images.xcassets */; };
		4D45E46319F8370A004DAB2D /* LaunchScreen.xib in Resources */ = {isa = PBXBuildFile; fileRef = 4D45E46119F8370A004DAB2D /* LaunchScreen.xib */; };
		4D45E46F19F8370A004DAB2D /* SkillsUSATests.m in Sources */ = {isa = PBXBuildFile; fileRef = 4D45E46E19F8370A004DAB2D /* SkillsUSATests.m */; };
		4D611D311A1A6BEF00484687 /* CommitteeTableViewCell.m in Sources */ = {isa = PBXBuildFile; fileRef = 4D611D301A1A6BEF00484687 /* CommitteeTableViewCell.m */; };
		4D611D341A1A6DC400484687 /* DetailCommitteeViewController.m in Sources */ = {isa = PBXBuildFile; fileRef = 4D611D331A1A6DC400484687 /* DetailCommitteeViewController.m */; };
		4D7DC6C11A151486007F7E3B /* MessageUI.framework in Frameworks */ = {isa = PBXBuildFile; fileRef = 4D7DC6C01A151486007F7E3B /* MessageUI.framework */; };
		4DC1D5931A26498100A179F9 /* Person.m in Sources */ = {isa = PBXBuildFile; fileRef = 4DC1D5921A26498100A179F9 /* Person.m */; };
		4DDEA39919FEB00B00E699A2 /* 582px-SkillsUSALogo.png in Resources */ = {isa = PBXBuildFile; fileRef = 4DDEA39819FEB00B00E699A2 /* 582px-SkillsUSALogo.png */; };
		4DDEA3A019FEB29200E699A2 /* QREntriesTableViewController.m in Sources */ = {isa = PBXBuildFile; fileRef = 4DDEA39F19FEB29200E699A2 /* QREntriesTableViewController.m */; };
		4DDEA3A319FEB30B00E699A2 /* MainStoryboard.storyboard in Resources */ = {isa = PBXBuildFile; fileRef = 4DDEA3A119FEB30B00E699A2 /* MainStoryboard.storyboard */; };
		4DF2541A1A298ABE0073A0A4 /* QRCodeReaderView.m in Sources */ = {isa = PBXBuildFile; fileRef = 4DF254171A298ABE0073A0A4 /* QRCodeReaderView.m */; };
		4DF2541B1A298ABE0073A0A4 /* QRCodeReaderViewController.m in Sources */ = {isa = PBXBuildFile; fileRef = 4DF254191A298ABE0073A0A4 /* QRCodeReaderViewController.m */; };
/* End PBXBuildFile section */

/* Begin PBXContainerItemProxy section */
		4D45E46919F8370A004DAB2D /* PBXContainerItemProxy */ = {
			isa = PBXContainerItemProxy;
			containerPortal = 4D45E44419F8370A004DAB2D /* Project object */;
			proxyType = 1;
			remoteGlobalIDString = 4D45E44B19F8370A004DAB2D;
			remoteInfo = SkillsUSA;
		};
/* End PBXContainerItemProxy section */

/* Begin PBXFileReference section */
		4D0C64311A1D258000AE8E23 /* Officer.png */ = {isa = PBXFileReference; lastKnownFileType = image.png; name = Officer.png; path = ../../../../Desktop/Officer.png; sourceTree = "<group>"; };
		4D0C64341A1D2B3E00AE8E23 /* Officer 2.png */ = {isa = PBXFileReference; lastKnownFileType = image.png; name = "Officer 2.png"; path = "../../../../Desktop/Officer 2.png"; sourceTree = "<group>"; };
		4D1F9DCD1A013BAD00298F20 /* RegistrantsTableViewCell.h */ = {isa = PBXFileReference; fileEncoding = 4; lastKnownFileType = sourcecode.c.h; path = RegistrantsTableViewCell.h; sourceTree = "<group>"; };
		4D1F9DCE1A013BAD00298F20 /* RegistrantsTableViewCell.m */ = {isa = PBXFileReference; fileEncoding = 4; lastKnownFileType = sourcecode.c.objc; path = RegistrantsTableViewCell.m; sourceTree = "<group>"; };
		4D2D1EB11A03EC7500F9BE28 /* DetailCellViewController.h */ = {isa = PBXFileReference; fileEncoding = 4; lastKnownFileType = sourcecode.c.h; path = DetailCellViewController.h; sourceTree = "<group>"; };
		4D2D1EB21A03EC7500F9BE28 /* DetailCellViewController.m */ = {isa = PBXFileReference; fileEncoding = 4; lastKnownFileType = sourcecode.c.objc; path = DetailCellViewController.m; sourceTree = "<group>"; };
		4D2E75B51A27B2C100A027D2 /* Committee.h */ = {isa = PBXFileReference; fileEncoding = 4; lastKnownFileType = sourcecode.c.h; path = Committee.h; sourceTree = "<group>"; };
		4D2E75B61A27B2C100A027D2 /* Committee.m */ = {isa = PBXFileReference; fileEncoding = 4; lastKnownFileType = sourcecode.c.objc; path = Committee.m; sourceTree = "<group>"; };
		4D352F9D1A1A5E4100CD5203 /* QREntriesCommitteeTableViewController.h */ = {isa = PBXFileReference; fileEncoding = 4; lastKnownFileType = sourcecode.c.h; path = QREntriesCommitteeTableViewController.h; sourceTree = "<group>"; };
		4D352F9E1A1A5E4100CD5203 /* QREntriesCommitteeTableViewController.m */ = {isa = PBXFileReference; fileEncoding = 4; lastKnownFileType = sourcecode.c.objc; path = QREntriesCommitteeTableViewController.m; sourceTree = "<group>"; };
		4D352FA01A1A613900CD5203 /* AddCommitteeViewController.h */ = {isa = PBXFileReference; fileEncoding = 4; lastKnownFileType = sourcecode.c.h; path = AddCommitteeViewController.h; sourceTree = "<group>"; };
		4D352FA11A1A613900CD5203 /* AddCommitteeViewController.m */ = {isa = PBXFileReference; fileEncoding = 4; lastKnownFileType = sourcecode.c.objc; path = AddCommitteeViewController.m; sourceTree = "<group>"; };
		4D36542E1A0D2EEA001ED6B6 /* QROfficersEntriresTableViewController.h */ = {isa = PBXFileReference; fileEncoding = 4; lastKnownFileType = sourcecode.c.h; path = QROfficersEntriresTableViewController.h; sourceTree = "<group>"; };
		4D36542F1A0D2EEA001ED6B6 /* QROfficersEntriresTableViewController.m */ = {isa = PBXFileReference; fileEncoding = 4; lastKnownFileType = sourcecode.c.objc; path = QROfficersEntriresTableViewController.m; sourceTree = "<group>"; };
		4D3654311A0D2F4C001ED6B6 /* OfficersTableViewCell.h */ = {isa = PBXFileReference; fileEncoding = 4; lastKnownFileType = sourcecode.c.h; path = OfficersTableViewCell.h; sourceTree = "<group>"; };
		4D3654321A0D2F4C001ED6B6 /* OfficersTableViewCell.m */ = {isa = PBXFileReference; fileEncoding = 4; lastKnownFileType = sourcecode.c.objc; path = OfficersTableViewCell.m; sourceTree = "<group>"; };
		4D3654341A0D356A001ED6B6 /* DetailViewController.h */ = {isa = PBXFileReference; fileEncoding = 4; lastKnownFileType = sourcecode.c.h; path = DetailViewController.h; sourceTree = "<group>"; };
		4D3654351A0D356A001ED6B6 /* DetailViewController.m */ = {isa = PBXFileReference; fileEncoding = 4; lastKnownFileType = sourcecode.c.objc; path = DetailViewController.m; sourceTree = "<group>"; };
		4D3654371A0D4DE6001ED6B6 /* AddViewController.h */ = {isa = PBXFileReference; fileEncoding = 4; lastKnownFileType = sourcecode.c.h; path = AddViewController.h; sourceTree = "<group>"; };
		4D3654381A0D4DE6001ED6B6 /* AddViewController.m */ = {isa = PBXFileReference; fileEncoding = 4; lastKnownFileType = sourcecode.c.objc; path = AddViewController.m; sourceTree = "<group>"; };
		4D45E44C19F8370A004DAB2D /* SkillsUSA.app */ = {isa = PBXFileReference; explicitFileType = wrapper.application; includeInIndex = 0; path = SkillsUSA.app; sourceTree = BUILT_PRODUCTS_DIR; };
		4D45E45019F8370A004DAB2D /* Info.plist */ = {isa = PBXFileReference; lastKnownFileType = text.plist.xml; path = Info.plist; sourceTree = "<group>"; };
		4D45E45119F8370A004DAB2D /* main.m */ = {isa = PBXFileReference; lastKnownFileType = sourcecode.c.objc; path = main.m; sourceTree = "<group>"; };
		4D45E45319F8370A004DAB2D /* AppDelegate.h */ = {isa = PBXFileReference; lastKnownFileType = sourcecode.c.h; path = AppDelegate.h; sourceTree = "<group>"; };
		4D45E45419F8370A004DAB2D /* AppDelegate.m */ = {isa = PBXFileReference; lastKnownFileType = sourcecode.c.objc; path = AppDelegate.m; sourceTree = "<group>"; };
		4D45E45719F8370A004DAB2D /* SkillsUSA.xcdatamodel */ = {isa = PBXFileReference; lastKnownFileType = wrapper.xcdatamodel; path = SkillsUSA.xcdatamodel; sourceTree = "<group>"; };
		4D45E45F19F8370A004DAB2D /* Images.xcassets */ = {isa = PBXFileReference; lastKnownFileType = folder.assetcatalog; path = Images.xcassets; sourceTree = "<group>"; };
		4D45E46219F8370A004DAB2D /* Base */ = {isa = PBXFileReference; lastKnownFileType = file.xib; name = Base; path = Base.lproj/LaunchScreen.xib; sourceTree = "<group>"; };
		4D45E46819F8370A004DAB2D /* SkillsUSATests.xctest */ = {isa = PBXFileReference; explicitFileType = wrapper.cfbundle; includeInIndex = 0; path = SkillsUSATests.xctest; sourceTree = BUILT_PRODUCTS_DIR; };
		4D45E46D19F8370A004DAB2D /* Info.plist */ = {isa = PBXFileReference; lastKnownFileType = text.plist.xml; path = Info.plist; sourceTree = "<group>"; };
		4D45E46E19F8370A004DAB2D /* SkillsUSATests.m */ = {isa = PBXFileReference; lastKnownFileType = sourcecode.c.objc; path = SkillsUSATests.m; sourceTree = "<group>"; };
		4D611D2F1A1A6BEF00484687 /* CommitteeTableViewCell.h */ = {isa = PBXFileReference; fileEncoding = 4; lastKnownFileType = sourcecode.c.h; path = CommitteeTableViewCell.h; sourceTree = "<group>"; };
		4D611D301A1A6BEF00484687 /* CommitteeTableViewCell.m */ = {isa = PBXFileReference; fileEncoding = 4; lastKnownFileType = sourcecode.c.objc; path = CommitteeTableViewCell.m; sourceTree = "<group>"; };
		4D611D321A1A6DC400484687 /* DetailCommitteeViewController.h */ = {isa = PBXFileReference; fileEncoding = 4; lastKnownFileType = sourcecode.c.h; path = DetailCommitteeViewController.h; sourceTree = "<group>"; };
		4D611D331A1A6DC400484687 /* DetailCommitteeViewController.m */ = {isa = PBXFileReference; fileEncoding = 4; lastKnownFileType = sourcecode.c.objc; path = DetailCommitteeViewController.m; sourceTree = "<group>"; };
		4D7DC6C01A151486007F7E3B /* MessageUI.framework */ = {isa = PBXFileReference; lastKnownFileType = wrapper.framework; name = MessageUI.framework; path = System/Library/Frameworks/MessageUI.framework; sourceTree = SDKROOT; };
		4DC1D5911A26498100A179F9 /* Person.h */ = {isa = PBXFileReference; fileEncoding = 4; lastKnownFileType = sourcecode.c.h; path = Person.h; sourceTree = "<group>"; };
		4DC1D5921A26498100A179F9 /* Person.m */ = {isa = PBXFileReference; fileEncoding = 4; lastKnownFileType = sourcecode.c.objc; path = Person.m; sourceTree = "<group>"; };
		4DDEA39819FEB00B00E699A2 /* 582px-SkillsUSALogo.png */ = {isa = PBXFileReference; lastKnownFileType = image.png; path = "582px-SkillsUSALogo.png"; sourceTree = SOURCE_ROOT; };
		4DDEA39E19FEB29200E699A2 /* QREntriesTableViewController.h */ = {isa = PBXFileReference; fileEncoding = 4; lastKnownFileType = sourcecode.c.h; path = QREntriesTableViewController.h; sourceTree = "<group>"; };
		4DDEA39F19FEB29200E699A2 /* QREntriesTableViewController.m */ = {isa = PBXFileReference; fileEncoding = 4; lastKnownFileType = sourcecode.c.objc; path = QREntriesTableViewController.m; sourceTree = "<group>"; };
		4DDEA3A219FEB30B00E699A2 /* Base */ = {isa = PBXFileReference; lastKnownFileType = file.storyboard; name = Base; path = SkillsUSA/Base.lproj/MainStoryboard.storyboard; sourceTree = "<group>"; };
		4DF254151A298ABE0073A0A4 /* QRCodeReaderDelegate.h */ = {isa = PBXFileReference; fileEncoding = 4; lastKnownFileType = sourcecode.c.h; path = QRCodeReaderDelegate.h; sourceTree = "<group>"; };
		4DF254161A298ABE0073A0A4 /* QRCodeReaderView.h */ = {isa = PBXFileReference; fileEncoding = 4; lastKnownFileType = sourcecode.c.h; path = QRCodeReaderView.h; sourceTree = "<group>"; };
		4DF254171A298ABE0073A0A4 /* QRCodeReaderView.m */ = {isa = PBXFileReference; fileEncoding = 4; lastKnownFileType = sourcecode.c.objc; path = QRCodeReaderView.m; sourceTree = "<group>"; };
		4DF254181A298ABE0073A0A4 /* QRCodeReaderViewController.h */ = {isa = PBXFileReference; fileEncoding = 4; lastKnownFileType = sourcecode.c.h; path = QRCodeReaderViewController.h; sourceTree = "<group>"; };
		4DF254191A298ABE0073A0A4 /* QRCodeReaderViewController.m */ = {isa = PBXFileReference; fileEncoding = 4; lastKnownFileType = sourcecode.c.objc; path = QRCodeReaderViewController.m; sourceTree = "<group>"; };
/* End PBXFileReference section */

/* Begin PBXFrameworksBuildPhase section */
		4D45E44919F8370A004DAB2D /* Frameworks */ = {
			isa = PBXFrameworksBuildPhase;
			buildActionMask = 2147483647;
			files = (
				4D7DC6C11A151486007F7E3B /* MessageUI.framework in Frameworks */,
			);
			runOnlyForDeploymentPostprocessing = 0;
		};
		4D45E46519F8370A004DAB2D /* Frameworks */ = {
			isa = PBXFrameworksBuildPhase;
			buildActionMask = 2147483647;
			files = (
			);
			runOnlyForDeploymentPostprocessing = 0;
		};
/* End PBXFrameworksBuildPhase section */

/* Begin PBXGroup section */
		4D0C64331A1D258A00AE8E23 /* Assests */ = {
			isa = PBXGroup;
			children = (
				4D0C64341A1D2B3E00AE8E23 /* Officer 2.png */,
				4DDEA39819FEB00B00E699A2 /* 582px-SkillsUSALogo.png */,
				4D0C64311A1D258000AE8E23 /* Officer.png */,
			);
			name = Assests;
			sourceTree = "<group>";
		};
		4D0DB2701A013341005FB007 /* Registrants */ = {
			isa = PBXGroup;
			children = (
				4DDEA39E19FEB29200E699A2 /* QREntriesTableViewController.h */,
				4DDEA39F19FEB29200E699A2 /* QREntriesTableViewController.m */,
				4D1F9DCD1A013BAD00298F20 /* RegistrantsTableViewCell.h */,
				4D1F9DCE1A013BAD00298F20 /* RegistrantsTableViewCell.m */,
				4D2D1EB11A03EC7500F9BE28 /* DetailCellViewController.h */,
				4D2D1EB21A03EC7500F9BE28 /* DetailCellViewController.m */,
			);
			name = Registrants;
			sourceTree = "<group>";
		};
		4D0DB2711A01334A005FB007 /* Officers */ = {
			isa = PBXGroup;
			children = (
				4D36542E1A0D2EEA001ED6B6 /* QROfficersEntriresTableViewController.h */,
				4D36542F1A0D2EEA001ED6B6 /* QROfficersEntriresTableViewController.m */,
				4D3654311A0D2F4C001ED6B6 /* OfficersTableViewCell.h */,
				4D3654321A0D2F4C001ED6B6 /* OfficersTableViewCell.m */,
				4D3654341A0D356A001ED6B6 /* DetailViewController.h */,
				4D3654351A0D356A001ED6B6 /* DetailViewController.m */,
				4D3654371A0D4DE6001ED6B6 /* AddViewController.h */,
				4D3654381A0D4DE6001ED6B6 /* AddViewController.m */,
			);
			name = Officers;
			sourceTree = "<group>";
		};
		4D0DB2721A01334F005FB007 /* Committees */ = {
			isa = PBXGroup;
			children = (
				4D352F9D1A1A5E4100CD5203 /* QREntriesCommitteeTableViewController.h */,
				4D352F9E1A1A5E4100CD5203 /* QREntriesCommitteeTableViewController.m */,
				4D611D2F1A1A6BEF00484687 /* CommitteeTableViewCell.h */,
				4D611D301A1A6BEF00484687 /* CommitteeTableViewCell.m */,
				4D611D321A1A6DC400484687 /* DetailCommitteeViewController.h */,
				4D611D331A1A6DC400484687 /* DetailCommitteeViewController.m */,
				4D352FA01A1A613900CD5203 /* AddCommitteeViewController.h */,
				4D352FA11A1A613900CD5203 /* AddCommitteeViewController.m */,
			);
			name = Committees;
			sourceTree = "<group>";
		};
		4D45E44319F8370A004DAB2D = {
			isa = PBXGroup;
			children = (
				4D7DC6C01A151486007F7E3B /* MessageUI.framework */,
				4D45E44E19F8370A004DAB2D /* SkillsUSA */,
				4D45E46B19F8370A004DAB2D /* SkillsUSATests */,
				4D45E44D19F8370A004DAB2D /* Products */,
			);
			sourceTree = "<group>";
		};
		4D45E44D19F8370A004DAB2D /* Products */ = {
			isa = PBXGroup;
			children = (
				4D45E44C19F8370A004DAB2D /* SkillsUSA.app */,
				4D45E46819F8370A004DAB2D /* SkillsUSATests.xctest */,
			);
			name = Products;
			sourceTree = "<group>";
		};
		4D45E44E19F8370A004DAB2D /* SkillsUSA */ = {
			isa = PBXGroup;
			children = (
				4DDEA3A119FEB30B00E699A2 /* MainStoryboard.storyboard */,
				4D45E46119F8370A004DAB2D /* LaunchScreen.xib */,
				4D45E47C19F83882004DAB2D /* QRCodeReader */,
				4D0C64331A1D258A00AE8E23 /* Assests */,
				4DDEA39A19FEB20A00E699A2 /* Files */,
				4D45E45F19F8370A004DAB2D /* Images.xcassets */,
				4D45E45619F8370A004DAB2D /* SkillsUSA.xcdatamodeld */,
				4D45E44F19F8370A004DAB2D /* Supporting Files */,
			);
			path = SkillsUSA;
			sourceTree = "<group>";
		};
		4D45E44F19F8370A004DAB2D /* Supporting Files */ = {
			isa = PBXGroup;
			children = (
				4D45E45019F8370A004DAB2D /* Info.plist */,
				4D45E45119F8370A004DAB2D /* main.m */,
			);
			name = "Supporting Files";
			sourceTree = "<group>";
		};
		4D45E46B19F8370A004DAB2D /* SkillsUSATests */ = {
			isa = PBXGroup;
			children = (
				4D45E46E19F8370A004DAB2D /* SkillsUSATests.m */,
				4D45E46C19F8370A004DAB2D /* Supporting Files */,
			);
			path = SkillsUSATests;
			sourceTree = "<group>";
		};
		4D45E46C19F8370A004DAB2D /* Supporting Files */ = {
			isa = PBXGroup;
			children = (
				4D45E46D19F8370A004DAB2D /* Info.plist */,
			);
			name = "Supporting Files";
			sourceTree = "<group>";
		};
		4D45E47C19F83882004DAB2D /* QRCodeReader */ = {
			isa = PBXGroup;
			children = (
				4DF254151A298ABE0073A0A4 /* QRCodeReaderDelegate.h */,
				4DF254161A298ABE0073A0A4 /* QRCodeReaderView.h */,
				4DF254171A298ABE0073A0A4 /* QRCodeReaderView.m */,
				4DF254181A298ABE0073A0A4 /* QRCodeReaderViewController.h */,
				4DF254191A298ABE0073A0A4 /* QRCodeReaderViewController.m */,
			);
			name = QRCodeReader;
			sourceTree = "<group>";
		};
		4DDEA39A19FEB20A00E699A2 /* Files */ = {
			isa = PBXGroup;
			children = (
				4D45E45319F8370A004DAB2D /* AppDelegate.h */,
				4D45E45419F8370A004DAB2D /* AppDelegate.m */,
				4DC1D5911A26498100A179F9 /* Person.h */,
				4DC1D5921A26498100A179F9 /* Person.m */,
				4D2E75B51A27B2C100A027D2 /* Committee.h */,
				4D2E75B61A27B2C100A027D2 /* Committee.m */,
				4D0DB2701A013341005FB007 /* Registrants */,
				4D0DB2711A01334A005FB007 /* Officers */,
				4D0DB2721A01334F005FB007 /* Committees */,
			);
			name = Files;
			sourceTree = "<group>";
		};
/* End PBXGroup section */

/* Begin PBXNativeTarget section */
		4D45E44B19F8370A004DAB2D /* SkillsUSA */ = {
			isa = PBXNativeTarget;
			buildConfigurationList = 4D45E47219F8370A004DAB2D /* Build configuration list for PBXNativeTarget "SkillsUSA" */;
			buildPhases = (
				4D45E44819F8370A004DAB2D /* Sources */,
				4D45E44919F8370A004DAB2D /* Frameworks */,
				4D45E44A19F8370A004DAB2D /* Resources */,
			);
			buildRules = (
			);
			dependencies = (
			);
			name = SkillsUSA;
			productName = SkillsUSA;
			productReference = 4D45E44C19F8370A004DAB2D /* SkillsUSA.app */;
			productType = "com.apple.product-type.application";
		};
		4D45E46719F8370A004DAB2D /* SkillsUSATests */ = {
			isa = PBXNativeTarget;
			buildConfigurationList = 4D45E47519F8370A004DAB2D /* Build configuration list for PBXNativeTarget "SkillsUSATests" */;
			buildPhases = (
				4D45E46419F8370A004DAB2D /* Sources */,
				4D45E46519F8370A004DAB2D /* Frameworks */,
				4D45E46619F8370A004DAB2D /* Resources */,
			);
			buildRules = (
			);
			dependencies = (
				4D45E46A19F8370A004DAB2D /* PBXTargetDependency */,
			);
			name = SkillsUSATests;
			productName = SkillsUSATests;
			productReference = 4D45E46819F8370A004DAB2D /* SkillsUSATests.xctest */;
			productType = "com.apple.product-type.bundle.unit-test";
		};
/* End PBXNativeTarget section */

/* Begin PBXProject section */
		4D45E44419F8370A004DAB2D /* Project object */ = {
			isa = PBXProject;
			attributes = {
				LastUpgradeCheck = 0610;
				ORGANIZATIONNAME = "Andrew Robinson";
				TargetAttributes = {
					4D45E44B19F8370A004DAB2D = {
						CreatedOnToolsVersion = 6.1;
						DevelopmentTeam = W32V57Q5XB;
					};
					4D45E46719F8370A004DAB2D = {
						CreatedOnToolsVersion = 6.1;
						TestTargetID = 4D45E44B19F8370A004DAB2D;
					};
				};
			};
			buildConfigurationList = 4D45E44719F8370A004DAB2D /* Build configuration list for PBXProject "SkillsUSA" */;
			compatibilityVersion = "Xcode 3.2";
			developmentRegion = English;
			hasScannedForEncodings = 0;
			knownRegions = (
				en,
				Base,
			);
			mainGroup = 4D45E44319F8370A004DAB2D;
			productRefGroup = 4D45E44D19F8370A004DAB2D /* Products */;
			projectDirPath = "";
			projectRoot = "";
			targets = (
				4D45E44B19F8370A004DAB2D /* SkillsUSA */,
				4D45E46719F8370A004DAB2D /* SkillsUSATests */,
			);
		};
/* End PBXProject section */

/* Begin PBXResourcesBuildPhase section */
		4D45E44A19F8370A004DAB2D /* Resources */ = {
			isa = PBXResourcesBuildPhase;
			buildActionMask = 2147483647;
			files = (
				4DDEA39919FEB00B00E699A2 /* 582px-SkillsUSALogo.png in Resources */,
				4D45E46319F8370A004DAB2D /* LaunchScreen.xib in Resources */,
				4D45E46019F8370A004DAB2D /* Images.xcassets in Resources */,
				4D0C64321A1D258000AE8E23 /* Officer.png in Resources */,
				4D0C64351A1D2B3E00AE8E23 /* Officer 2.png in Resources */,
				4DDEA3A319FEB30B00E699A2 /* MainStoryboard.storyboard in Resources */,
			);
			runOnlyForDeploymentPostprocessing = 0;
		};
		4D45E46619F8370A004DAB2D /* Resources */ = {
			isa = PBXResourcesBuildPhase;
			buildActionMask = 2147483647;
			files = (
			);
			runOnlyForDeploymentPostprocessing = 0;
		};
/* End PBXResourcesBuildPhase section */

/* Begin PBXSourcesBuildPhase section */
		4D45E44819F8370A004DAB2D /* Sources */ = {
			isa = PBXSourcesBuildPhase;
			buildActionMask = 2147483647;
			files = (
				4D45E45519F8370A004DAB2D /* AppDelegate.m in Sources */,
				4D2E75B71A27B2C100A027D2 /* Committee.m in Sources */,
				4D352F9F1A1A5E4100CD5203 /* QREntriesCommitteeTableViewController.m in Sources */,
				4D3654301A0D2EEA001ED6B6 /* QROfficersEntriresTableViewController.m in Sources */,
				4D611D341A1A6DC400484687 /* DetailCommitteeViewController.m in Sources */,
				4D3654391A0D4DE6001ED6B6 /* AddViewController.m in Sources */,
				4D3654331A0D2F4C001ED6B6 /* OfficersTableViewCell.m in Sources */,
				4DF2541B1A298ABE0073A0A4 /* QRCodeReaderViewController.m in Sources */,
				4D611D311A1A6BEF00484687 /* CommitteeTableViewCell.m in Sources */,
				4D45E45819F8370A004DAB2D /* SkillsUSA.xcdatamodeld in Sources */,
				4D3654361A0D356A001ED6B6 /* DetailViewController.m in Sources */,
				4DC1D5931A26498100A179F9 /* Person.m in Sources */,
				4DF2541A1A298ABE0073A0A4 /* QRCodeReaderView.m in Sources */,
				4D45E45219F8370A004DAB2D /* main.m in Sources */,
				4D1F9DCF1A013BAD00298F20 /* RegistrantsTableViewCell.m in Sources */,
				4DDEA3A019FEB29200E699A2 /* QREntriesTableViewController.m in Sources */,
				4D2D1EB31A03EC7500F9BE28 /* DetailCellViewController.m in Sources */,
				4D352FA21A1A613900CD5203 /* AddCommitteeViewController.m in Sources */,
			);
			runOnlyForDeploymentPostprocessing = 0;
		};
		4D45E46419F8370A004DAB2D /* Sources */ = {
			isa = PBXSourcesBuildPhase;
			buildActionMask = 2147483647;
			files = (
				4D45E46F19F8370A004DAB2D /* SkillsUSATests.m in Sources */,
			);
			runOnlyForDeploymentPostprocessing = 0;
		};
/* End PBXSourcesBuildPhase section */

/* Begin PBXTargetDependency section */
		4D45E46A19F8370A004DAB2D /* PBXTargetDependency */ = {
			isa = PBXTargetDependency;
			target = 4D45E44B19F8370A004DAB2D /* SkillsUSA */;
			targetProxy = 4D45E46919F8370A004DAB2D /* PBXContainerItemProxy */;
		};
/* End PBXTargetDependency section */

/* Begin PBXVariantGroup section */
		4D45E46119F8370A004DAB2D /* LaunchScreen.xib */ = {
			isa = PBXVariantGroup;
			children = (
				4D45E46219F8370A004DAB2D /* Base */,
			);
			name = LaunchScreen.xib;
			sourceTree = "<group>";
		};
		4DDEA3A119FEB30B00E699A2 /* MainStoryboard.storyboard */ = {
			isa = PBXVariantGroup;
			children = (
				4DDEA3A219FEB30B00E699A2 /* Base */,
			);
			name = MainStoryboard.storyboard;
			path = ..;
			sourceTree = "<group>";
		};
/* End PBXVariantGroup section */

/* Begin XCBuildConfiguration section */
		4D45E47019F8370A004DAB2D /* Debug */ = {
			isa = XCBuildConfiguration;
			buildSettings = {
				ALWAYS_SEARCH_USER_PATHS = NO;
				CLANG_CXX_LANGUAGE_STANDARD = "gnu++0x";
				CLANG_CXX_LIBRARY = "libc++";
				CLANG_ENABLE_MODULES = YES;
				CLANG_ENABLE_OBJC_ARC = YES;
				CLANG_WARN_BOOL_CONVERSION = YES;
				CLANG_WARN_CONSTANT_CONVERSION = YES;
				CLANG_WARN_DIRECT_OBJC_ISA_USAGE = YES_ERROR;
				CLANG_WARN_EMPTY_BODY = YES;
				CLANG_WARN_ENUM_CONVERSION = YES;
				CLANG_WARN_INT_CONVERSION = YES;
				CLANG_WARN_OBJC_ROOT_CLASS = YES_ERROR;
				CLANG_WARN_UNREACHABLE_CODE = YES;
				CLANG_WARN__DUPLICATE_METHOD_MATCH = YES;
				"CODE_SIGN_IDENTITY[sdk=iphoneos*]" = "iPhone Developer";
				COPY_PHASE_STRIP = NO;
				ENABLE_STRICT_OBJC_MSGSEND = YES;
				GCC_C_LANGUAGE_STANDARD = gnu99;
				GCC_DYNAMIC_NO_PIC = NO;
				GCC_OPTIMIZATION_LEVEL = 0;
				GCC_PREPROCESSOR_DEFINITIONS = (
					"DEBUG=1",
					"$(inherited)",
				);
				GCC_SYMBOLS_PRIVATE_EXTERN = NO;
				GCC_WARN_64_TO_32_BIT_CONVERSION = YES;
				GCC_WARN_ABOUT_RETURN_TYPE = YES_ERROR;
				GCC_WARN_UNDECLARED_SELECTOR = YES;
				GCC_WARN_UNINITIALIZED_AUTOS = YES_AGGRESSIVE;
				GCC_WARN_UNUSED_FUNCTION = YES;
				GCC_WARN_UNUSED_VARIABLE = YES;
				IPHONEOS_DEPLOYMENT_TARGET = 8.0;
				MTL_ENABLE_DEBUG_INFO = YES;
				ONLY_ACTIVE_ARCH = YES;
				SDKROOT = iphoneos;
				TARGETED_DEVICE_FAMILY = 1;
			};
			name = Debug;
		};
		4D45E47119F8370A004DAB2D /* Release */ = {
			isa = XCBuildConfiguration;
			buildSettings = {
				ALWAYS_SEARCH_USER_PATHS = NO;
				CLANG_CXX_LANGUAGE_STANDARD = "gnu++0x";
				CLANG_CXX_LIBRARY = "libc++";
				CLANG_ENABLE_MODULES = YES;
				CLANG_ENABLE_OBJC_ARC = YES;
				CLANG_WARN_BOOL_CONVERSION = YES;
				CLANG_WARN_CONSTANT_CONVERSION = YES;
				CLANG_WARN_DIRECT_OBJC_ISA_USAGE = YES_ERROR;
				CLANG_WARN_EMPTY_BODY = YES;
				CLANG_WARN_ENUM_CONVERSION = YES;
				CLANG_WARN_INT_CONVERSION = YES;
				CLANG_WARN_OBJC_ROOT_CLASS = YES_ERROR;
				CLANG_WARN_UNREACHABLE_CODE = YES;
				CLANG_WARN__DUPLICATE_METHOD_MATCH = YES;
				"CODE_SIGN_IDENTITY[sdk=iphoneos*]" = "iPhone Developer";
				COPY_PHASE_STRIP = YES;
				ENABLE_NS_ASSERTIONS = NO;
				ENABLE_STRICT_OBJC_MSGSEND = YES;
				GCC_C_LANGUAGE_STANDARD = gnu99;
				GCC_WARN_64_TO_32_BIT_CONVERSION = YES;
				GCC_WARN_ABOUT_RETURN_TYPE = YES_ERROR;
				GCC_WARN_UNDECLARED_SELECTOR = YES;
				GCC_WARN_UNINITIALIZED_AUTOS = YES_AGGRESSIVE;
				GCC_WARN_UNUSED_FUNCTION = YES;
				GCC_WARN_UNUSED_VARIABLE = YES;
				IPHONEOS_DEPLOYMENT_TARGET = 8.0;
				MTL_ENABLE_DEBUG_INFO = NO;
				SDKROOT = iphoneos;
				TARGETED_DEVICE_FAMILY = 1;
				VALIDATE_PRODUCT = YES;
			};
			name = Release;
		};
		4D45E47319F8370A004DAB2D /* Debug */ = {
			isa = XCBuildConfiguration;
			buildSettings = {
				ASSETCATALOG_COMPILER_APPICON_NAME = AppIcon;
				CODE_SIGN_IDENTITY = "iPhone Developer";
				"CODE_SIGN_IDENTITY[sdk=iphoneos*]" = "iPhone Developer";
				INFOPLIST_FILE = SkillsUSA/Info.plist;
				IPHONEOS_DEPLOYMENT_TARGET = 8.0;
				LD_RUNPATH_SEARCH_PATHS = "$(inherited) @executable_path/Frameworks";
				PRODUCT_NAME = "$(TARGET_NAME)";
				PROVISIONING_PROFILE = "";
				TARGETED_DEVICE_FAMILY = "1,2";
			};
			name = Debug;
		};
		4D45E47419F8370A004DAB2D /* Release */ = {
			isa = XCBuildConfiguration;
			buildSettings = {
				ASSETCATALOG_COMPILER_APPICON_NAME = AppIcon;
				CODE_SIGN_IDENTITY = "iPhone Developer";
				"CODE_SIGN_IDENTITY[sdk=iphoneos*]" = "iPhone Developer";
				INFOPLIST_FILE = SkillsUSA/Info.plist;
				IPHONEOS_DEPLOYMENT_TARGET = 8.0;
				LD_RUNPATH_SEARCH_PATHS = "$(inherited) @executable_path/Frameworks";
				PRODUCT_NAME = "$(TARGET_NAME)";
				PROVISIONING_PROFILE = "";
				TARGETED_DEVICE_FAMILY = "1,2";
			};
			name = Release;
		};
		4D45E47619F8370A004DAB2D /* Debug */ = {
			isa = XCBuildConfiguration;
			buildSettings = {
				BUNDLE_LOADER = "$(TEST_HOST)";
				FRAMEWORK_SEARCH_PATHS = (
					"$(SDKROOT)/Developer/Library/Frameworks",
					"$(inherited)",
				);
				GCC_PREPROCESSOR_DEFINITIONS = (
					"DEBUG=1",
					"$(inherited)",
				);
				INFOPLIST_FILE = SkillsUSATests/Info.plist;
				LD_RUNPATH_SEARCH_PATHS = "$(inherited) @executable_path/Frameworks @loader_path/Frameworks";
				PRODUCT_NAME = "$(TARGET_NAME)";
				TEST_HOST = "$(BUILT_PRODUCTS_DIR)/SkillsUSA.app/SkillsUSA";
			};
			name = Debug;
		};
		4D45E47719F8370A004DAB2D /* Release */ = {
			isa = XCBuildConfiguration;
			buildSettings = {
				BUNDLE_LOADER = "$(TEST_HOST)";
				FRAMEWORK_SEARCH_PATHS = (
					"$(SDKROOT)/Developer/Library/Frameworks",
					"$(inherited)",
				);
				INFOPLIST_FILE = SkillsUSATests/Info.plist;
				LD_RUNPATH_SEARCH_PATHS = "$(inherited) @executable_path/Frameworks @loader_path/Frameworks";
				PRODUCT_NAME = "$(TARGET_NAME)";
				TEST_HOST = "$(BUILT_PRODUCTS_DIR)/SkillsUSA.app/SkillsUSA";
			};
			name = Release;
		};
/* End XCBuildConfiguration section */

/* Begin XCConfigurationList section */
		4D45E44719F8370A004DAB2D /* Build configuration list for PBXProject "SkillsUSA" */ = {
			isa = XCConfigurationList;
			buildConfigurations = (
				4D45E47019F8370A004DAB2D /* Debug */,
				4D45E47119F8370A004DAB2D /* Release */,
			);
			defaultConfigurationIsVisible = 0;
			defaultConfigurationName = Release;
		};
		4D45E47219F8370A004DAB2D /* Build configuration list for PBXNativeTarget "SkillsUSA" */ = {
			isa = XCConfigurationList;
			buildConfigurations = (
				4D45E47319F8370A004DAB2D /* Debug */,
				4D45E47419F8370A004DAB2D /* Release */,
			);
			defaultConfigurationIsVisible = 0;
			defaultConfigurationName = Release;
		};
		4D45E47519F8370A004DAB2D /* Build configuration list for PBXNativeTarget "SkillsUSATests" */ = {
			isa = XCConfigurationList;
			buildConfigurations = (
				4D45E47619F8370A004DAB2D /* Debug */,
				4D45E47719F8370A004DAB2D /* Release */,
			);
			defaultConfigurationIsVisible = 0;
			defaultConfigurationName = Release;
		};
/* End XCConfigurationList section */

/* Begin XCVersionGroup section */
		4D45E45619F8370A004DAB2D /* SkillsUSA.xcdatamodeld */ = {
			isa = XCVersionGroup;
			children = (
				4D45E45719F8370A004DAB2D /* SkillsUSA.xcdatamodel */,
			);
			currentVersion = 4D45E45719F8370A004DAB2D /* SkillsUSA.xcdatamodel */;
			path = SkillsUSA.xcdatamodeld;
			sourceTree = "<group>";
			versionGroupType = wrapper.xcdatamodel;
		};
/* End XCVersionGroup section */
	};
	rootObject = 4D45E44419F8370A004DAB2D /* Project object */;
}
